
Microsoft Visual Studio Solution File, Format Version 12.00
# Visual Studio 2017
Project("{FAE04EC0-301F-11D3-BF4B-00C04F79EFBC}") = "rymos_core", "rymos_core.csproj", "{5FA8375A-D34B-4DE5-857A-48CD6B820C16}"
EndProject
Global
	GlobalSection(SolutionConfigurationPlatforms) = preSolution
		Debug|Any CPU = Debug|Any CPU
		Release|Any CPU = Release|Any CPU
	EndGlobalSection
	GlobalSection(ProjectConfigurationPlatforms) = postSolution
		{5FA8375A-D34B-4DE5-857A-48CD6B820C16}.Debug|Any CPU.ActiveCfg = Debug|Any CPU
		{5FA8375A-D34B-4DE5-857A-48CD6B820C16}.Debug|Any CPU.Build.0 = Debug|Any CPU
		{5FA8375A-D34B-4DE5-857A-48CD6B820C16}.Release|Any CPU.ActiveCfg = Release|Any CPU
		{5FA8375A-D34B-4DE5-857A-48CD6B820C16}.Release|Any CPU.Build.0 = Release|Any CPU
	EndGlobalSection
EndGlobal
